// !$*UTF8*$!
{
	archiveVersion = 1;
	classes = {
	};
	objectVersion = 50;
	objects = {

/* Begin PBXBuildFile section */
		6BEF34EF2306AA2A00F018EC /* AppDelegate.swift in Sources */ = {isa = PBXBuildFile; fileRef = 6BEF34EE2306AA2A00F018EC /* AppDelegate.swift */; };
		6BEF34F12306AA2A00F018EC /* ViewController.swift in Sources */ = {isa = PBXBuildFile; fileRef = 6BEF34F02306AA2A00F018EC /* ViewController.swift */; };
		6BEF34F42306AA2A00F018EC /* Main.storyboard in Resources */ = {isa = PBXBuildFile; fileRef = 6BEF34F22306AA2A00F018EC /* Main.storyboard */; };
		6BEF34F62306AA2D00F018EC /* Assets.xcassets in Resources */ = {isa = PBXBuildFile; fileRef = 6BEF34F52306AA2D00F018EC /* Assets.xcassets */; };
		6BEF34F92306AA2D00F018EC /* LaunchScreen.storyboard in Resources */ = {isa = PBXBuildFile; fileRef = 6BEF34F72306AA2D00F018EC /* LaunchScreen.storyboard */; };
		6BEF35042306AA2D00F018EC /* WordGridTests.swift in Sources */ = {isa = PBXBuildFile; fileRef = 6BEF35032306AA2D00F018EC /* WordGridTests.swift */; };
		6BEF350F2306AA2D00F018EC /* WordGridUITests.swift in Sources */ = {isa = PBXBuildFile; fileRef = 6BEF350E2306AA2D00F018EC /* WordGridUITests.swift */; };
		6BEF352323074BCC00F018EC /* GridViewModel.swift in Sources */ = {isa = PBXBuildFile; fileRef = 6BEF352223074BCC00F018EC /* GridViewModel.swift */; };
		6BEF352623075E5300F018EC /* GridView.swift in Sources */ = {isa = PBXBuildFile; fileRef = 6BEF352523075E5300F018EC /* GridView.swift */; };
		6BEF352A2309894400F018EC /* GridCell.swift in Sources */ = {isa = PBXBuildFile; fileRef = 6BEF35292309894400F018EC /* GridCell.swift */; };
		6BEF352C2309895700F018EC /* GridCell.xib in Resources */ = {isa = PBXBuildFile; fileRef = 6BEF352B2309895700F018EC /* GridCell.xib */; };
		6BEF352E2309A8F900F018EC /* NibLoader.swift in Sources */ = {isa = PBXBuildFile; fileRef = 6BEF352D2309A8F900F018EC /* NibLoader.swift */; };
		6BEF35302309AEBA00F018EC /* Grid.json in Resources */ = {isa = PBXBuildFile; fileRef = 6BEF352F2309AEBA00F018EC /* Grid.json */; };
		6BEF35322309AF8800F018EC /* GridModel.swift in Sources */ = {isa = PBXBuildFile; fileRef = 6BEF35312309AF8800F018EC /* GridModel.swift */; };
		6BEF35342309BA0C00F018EC /* DataOperationHelper.swift in Sources */ = {isa = PBXBuildFile; fileRef = 6BEF35332309BA0C00F018EC /* DataOperationHelper.swift */; };
		6BEF35362309BE5B00F018EC /* GameViewModel.swift in Sources */ = {isa = PBXBuildFile; fileRef = 6BEF35352309BE5B00F018EC /* GameViewModel.swift */; };
/* End PBXBuildFile section */

/* Begin PBXContainerItemProxy section */
		6BEF35002306AA2D00F018EC /* PBXContainerItemProxy */ = {
			isa = PBXContainerItemProxy;
			containerPortal = 6BEF34E32306AA2A00F018EC /* Project object */;
			proxyType = 1;
			remoteGlobalIDString = 6BEF34EA2306AA2A00F018EC;
			remoteInfo = WordGrid;
		};
		6BEF350B2306AA2D00F018EC /* PBXContainerItemProxy */ = {
			isa = PBXContainerItemProxy;
			containerPortal = 6BEF34E32306AA2A00F018EC /* Project object */;
			proxyType = 1;
			remoteGlobalIDString = 6BEF34EA2306AA2A00F018EC;
			remoteInfo = WordGrid;
		};
/* End PBXContainerItemProxy section */

/* Begin PBXFileReference section */
		6BEF34EB2306AA2A00F018EC /* WordGrid.app */ = {isa = PBXFileReference; explicitFileType = wrapper.application; includeInIndex = 0; path = WordGrid.app; sourceTree = BUILT_PRODUCTS_DIR; };
		6BEF34EE2306AA2A00F018EC /* AppDelegate.swift */ = {isa = PBXFileReference; lastKnownFileType = sourcecode.swift; path = AppDelegate.swift; sourceTree = "<group>"; };
		6BEF34F02306AA2A00F018EC /* ViewController.swift */ = {isa = PBXFileReference; lastKnownFileType = sourcecode.swift; path = ViewController.swift; sourceTree = "<group>"; };
		6BEF34F32306AA2A00F018EC /* Base */ = {isa = PBXFileReference; lastKnownFileType = file.storyboard; name = Base; path = Base.lproj/Main.storyboard; sourceTree = "<group>"; };
		6BEF34F52306AA2D00F018EC /* Assets.xcassets */ = {isa = PBXFileReference; lastKnownFileType = folder.assetcatalog; path = Assets.xcassets; sourceTree = "<group>"; };
		6BEF34F82306AA2D00F018EC /* Base */ = {isa = PBXFileReference; lastKnownFileType = file.storyboard; name = Base; path = Base.lproj/LaunchScreen.storyboard; sourceTree = "<group>"; };
		6BEF34FA2306AA2D00F018EC /* Info.plist */ = {isa = PBXFileReference; lastKnownFileType = text.plist.xml; path = Info.plist; sourceTree = "<group>"; };
		6BEF34FF2306AA2D00F018EC /* WordGridTests.xctest */ = {isa = PBXFileReference; explicitFileType = wrapper.cfbundle; includeInIndex = 0; path = WordGridTests.xctest; sourceTree = BUILT_PRODUCTS_DIR; };
		6BEF35032306AA2D00F018EC /* WordGridTests.swift */ = {isa = PBXFileReference; lastKnownFileType = sourcecode.swift; path = WordGridTests.swift; sourceTree = "<group>"; };
		6BEF35052306AA2D00F018EC /* Info.plist */ = {isa = PBXFileReference; lastKnownFileType = text.plist.xml; path = Info.plist; sourceTree = "<group>"; };
		6BEF350A2306AA2D00F018EC /* WordGridUITests.xctest */ = {isa = PBXFileReference; explicitFileType = wrapper.cfbundle; includeInIndex = 0; path = WordGridUITests.xctest; sourceTree = BUILT_PRODUCTS_DIR; };
		6BEF350E2306AA2D00F018EC /* WordGridUITests.swift */ = {isa = PBXFileReference; lastKnownFileType = sourcecode.swift; path = WordGridUITests.swift; sourceTree = "<group>"; };
		6BEF35102306AA2D00F018EC /* Info.plist */ = {isa = PBXFileReference; lastKnownFileType = text.plist.xml; path = Info.plist; sourceTree = "<group>"; };
		6BEF352223074BCC00F018EC /* GridViewModel.swift */ = {isa = PBXFileReference; lastKnownFileType = sourcecode.swift; path = GridViewModel.swift; sourceTree = "<group>"; };
		6BEF352523075E5300F018EC /* GridView.swift */ = {isa = PBXFileReference; lastKnownFileType = sourcecode.swift; path = GridView.swift; sourceTree = "<group>"; };
		6BEF35292309894400F018EC /* GridCell.swift */ = {isa = PBXFileReference; lastKnownFileType = sourcecode.swift; path = GridCell.swift; sourceTree = "<group>"; };
		6BEF352B2309895700F018EC /* GridCell.xib */ = {isa = PBXFileReference; lastKnownFileType = file.xib; path = GridCell.xib; sourceTree = "<group>"; };
		6BEF352D2309A8F900F018EC /* NibLoader.swift */ = {isa = PBXFileReference; lastKnownFileType = sourcecode.swift; path = NibLoader.swift; sourceTree = "<group>"; };
		6BEF352F2309AEBA00F018EC /* Grid.json */ = {isa = PBXFileReference; lastKnownFileType = text.json; path = Grid.json; sourceTree = "<group>"; xcLanguageSpecificationIdentifier = xcode.lang.json; };
		6BEF35312309AF8800F018EC /* GridModel.swift */ = {isa = PBXFileReference; lastKnownFileType = sourcecode.swift; path = GridModel.swift; sourceTree = "<group>"; };
		6BEF35332309BA0C00F018EC /* DataOperationHelper.swift */ = {isa = PBXFileReference; lastKnownFileType = sourcecode.swift; path = DataOperationHelper.swift; sourceTree = "<group>"; };
		6BEF35352309BE5B00F018EC /* GameViewModel.swift */ = {isa = PBXFileReference; lastKnownFileType = sourcecode.swift; path = GameViewModel.swift; sourceTree = "<group>"; };
/* End PBXFileReference section */

/* Begin PBXFrameworksBuildPhase section */
		6BEF34E82306AA2A00F018EC /* Frameworks */ = {
			isa = PBXFrameworksBuildPhase;
			buildActionMask = 2147483647;
			files = (
			);
			runOnlyForDeploymentPostprocessing = 0;
		};
		6BEF34FC2306AA2D00F018EC /* Frameworks */ = {
			isa = PBXFrameworksBuildPhase;
			buildActionMask = 2147483647;
			files = (
			);
			runOnlyForDeploymentPostprocessing = 0;
		};
		6BEF35072306AA2D00F018EC /* Frameworks */ = {
			isa = PBXFrameworksBuildPhase;
			buildActionMask = 2147483647;
			files = (
			);
			runOnlyForDeploymentPostprocessing = 0;
		};
/* End PBXFrameworksBuildPhase section */

/* Begin PBXGroup section */
		6BEF34E22306AA2A00F018EC = {
			isa = PBXGroup;
			children = (
				6BEF34ED2306AA2A00F018EC /* WordGrid */,
				6BEF35022306AA2D00F018EC /* WordGridTests */,
				6BEF350D2306AA2D00F018EC /* WordGridUITests */,
				6BEF34EC2306AA2A00F018EC /* Products */,
			);
			sourceTree = "<group>";
		};
		6BEF34EC2306AA2A00F018EC /* Products */ = {
			isa = PBXGroup;
			children = (
				6BEF34EB2306AA2A00F018EC /* WordGrid.app */,
				6BEF34FF2306AA2D00F018EC /* WordGridTests.xctest */,
				6BEF350A2306AA2D00F018EC /* WordGridUITests.xctest */,
			);
			name = Products;
			sourceTree = "<group>";
		};
		6BEF34ED2306AA2A00F018EC /* WordGrid */ = {
			isa = PBXGroup;
			children = (
				6BEF351E2306AA9C00F018EC /* PlatformLayer */,
				6BEF351D2306AA8100F018EC /* PresentationLayer */,
				6BEF351C2306AA5C00F018EC /* DomainLayer */,
				6BEF34EE2306AA2A00F018EC /* AppDelegate.swift */,
				6BEF352F2309AEBA00F018EC /* Grid.json */,
				6BEF34F02306AA2A00F018EC /* ViewController.swift */,
				6BEF34F22306AA2A00F018EC /* Main.storyboard */,
				6BEF34F52306AA2D00F018EC /* Assets.xcassets */,
				6BEF34F72306AA2D00F018EC /* LaunchScreen.storyboard */,
				6BEF34FA2306AA2D00F018EC /* Info.plist */,
			);
			path = WordGrid;
			sourceTree = "<group>";
		};
		6BEF35022306AA2D00F018EC /* WordGridTests */ = {
			isa = PBXGroup;
			children = (
				6BEF35032306AA2D00F018EC /* WordGridTests.swift */,
				6BEF35052306AA2D00F018EC /* Info.plist */,
			);
			path = WordGridTests;
			sourceTree = "<group>";
		};
		6BEF350D2306AA2D00F018EC /* WordGridUITests */ = {
			isa = PBXGroup;
			children = (
				6BEF350E2306AA2D00F018EC /* WordGridUITests.swift */,
				6BEF35102306AA2D00F018EC /* Info.plist */,
			);
			path = WordGridUITests;
			sourceTree = "<group>";
		};
		6BEF351C2306AA5C00F018EC /* DomainLayer */ = {
			isa = PBXGroup;
			children = (
				6BEF352223074BCC00F018EC /* GridViewModel.swift */,
				6BEF35352309BE5B00F018EC /* GameViewModel.swift */,
				6BEF35312309AF8800F018EC /* GridModel.swift */,
			);
			path = DomainLayer;
			sourceTree = "<group>";
		};
		6BEF351D2306AA8100F018EC /* PresentationLayer */ = {
			isa = PBXGroup;
			children = (
				6BEF352423075E2600F018EC /* CommonUIComponent */,
			);
			path = PresentationLayer;
			sourceTree = "<group>";
		};
		6BEF351E2306AA9C00F018EC /* PlatformLayer */ = {
			isa = PBXGroup;
			children = (
				6BEF352D2309A8F900F018EC /* NibLoader.swift */,
				6BEF35332309BA0C00F018EC /* DataOperationHelper.swift */,
			);
			path = PlatformLayer;
			sourceTree = "<group>";
		};
		6BEF352423075E2600F018EC /* CommonUIComponent */ = {
			isa = PBXGroup;
			children = (
				6BEF352523075E5300F018EC /* GridView.swift */,
				6BEF35292309894400F018EC /* GridCell.swift */,
				6BEF352B2309895700F018EC /* GridCell.xib */,
			);
			path = CommonUIComponent;
			sourceTree = "<group>";
		};
/* End PBXGroup section */

/* Begin PBXNativeTarget section */
		6BEF34EA2306AA2A00F018EC /* WordGrid */ = {
			isa = PBXNativeTarget;
			buildConfigurationList = 6BEF35132306AA2D00F018EC /* Build configuration list for PBXNativeTarget "WordGrid" */;
			buildPhases = (
				6BEF34E72306AA2A00F018EC /* Sources */,
				6BEF34E82306AA2A00F018EC /* Frameworks */,
				6BEF34E92306AA2A00F018EC /* Resources */,
			);
			buildRules = (
			);
			dependencies = (
			);
			name = WordGrid;
			productName = WordGrid;
			productReference = 6BEF34EB2306AA2A00F018EC /* WordGrid.app */;
			productType = "com.apple.product-type.application";
		};
		6BEF34FE2306AA2D00F018EC /* WordGridTests */ = {
			isa = PBXNativeTarget;
			buildConfigurationList = 6BEF35162306AA2D00F018EC /* Build configuration list for PBXNativeTarget "WordGridTests" */;
			buildPhases = (
				6BEF34FB2306AA2D00F018EC /* Sources */,
				6BEF34FC2306AA2D00F018EC /* Frameworks */,
				6BEF34FD2306AA2D00F018EC /* Resources */,
			);
			buildRules = (
			);
			dependencies = (
				6BEF35012306AA2D00F018EC /* PBXTargetDependency */,
			);
			name = WordGridTests;
			productName = WordGridTests;
			productReference = 6BEF34FF2306AA2D00F018EC /* WordGridTests.xctest */;
			productType = "com.apple.product-type.bundle.unit-test";
		};
		6BEF35092306AA2D00F018EC /* WordGridUITests */ = {
			isa = PBXNativeTarget;
			buildConfigurationList = 6BEF35192306AA2D00F018EC /* Build configuration list for PBXNativeTarget "WordGridUITests" */;
			buildPhases = (
				6BEF35062306AA2D00F018EC /* Sources */,
				6BEF35072306AA2D00F018EC /* Frameworks */,
				6BEF35082306AA2D00F018EC /* Resources */,
			);
			buildRules = (
			);
			dependencies = (
				6BEF350C2306AA2D00F018EC /* PBXTargetDependency */,
			);
			name = WordGridUITests;
			productName = WordGridUITests;
			productReference = 6BEF350A2306AA2D00F018EC /* WordGridUITests.xctest */;
			productType = "com.apple.product-type.bundle.ui-testing";
		};
/* End PBXNativeTarget section */

/* Begin PBXProject section */
		6BEF34E32306AA2A00F018EC /* Project object */ = {
			isa = PBXProject;
			attributes = {
				LastSwiftUpdateCheck = 1020;
				LastUpgradeCheck = 1020;
				ORGANIZATIONNAME = Krishna;
				TargetAttributes = {
					6BEF34EA2306AA2A00F018EC = {
						CreatedOnToolsVersion = 10.2.1;
					};
					6BEF34FE2306AA2D00F018EC = {
						CreatedOnToolsVersion = 10.2.1;
						TestTargetID = 6BEF34EA2306AA2A00F018EC;
					};
					6BEF35092306AA2D00F018EC = {
						CreatedOnToolsVersion = 10.2.1;
						TestTargetID = 6BEF34EA2306AA2A00F018EC;
					};
				};
			};
			buildConfigurationList = 6BEF34E62306AA2A00F018EC /* Build configuration list for PBXProject "WordGrid" */;
			compatibilityVersion = "Xcode 9.3";
			developmentRegion = en;
			hasScannedForEncodings = 0;
			knownRegions = (
				en,
				Base,
			);
			mainGroup = 6BEF34E22306AA2A00F018EC;
			productRefGroup = 6BEF34EC2306AA2A00F018EC /* Products */;
			projectDirPath = "";
			projectRoot = "";
			targets = (
				6BEF34EA2306AA2A00F018EC /* WordGrid */,
				6BEF34FE2306AA2D00F018EC /* WordGridTests */,
				6BEF35092306AA2D00F018EC /* WordGridUITests */,
			);
		};
/* End PBXProject section */

/* Begin PBXResourcesBuildPhase section */
		6BEF34E92306AA2A00F018EC /* Resources */ = {
			isa = PBXResourcesBuildPhase;
			buildActionMask = 2147483647;
			files = (
				6BEF34F92306AA2D00F018EC /* LaunchScreen.storyboard in Resources */,
				6BEF34F62306AA2D00F018EC /* Assets.xcassets in Resources */,
				6BEF34F42306AA2A00F018EC /* Main.storyboard in Resources */,
				6BEF352C2309895700F018EC /* GridCell.xib in Resources */,
				6BEF35302309AEBA00F018EC /* Grid.json in Resources */,
			);
			runOnlyForDeploymentPostprocessing = 0;
		};
		6BEF34FD2306AA2D00F018EC /* Resources */ = {
			isa = PBXResourcesBuildPhase;
			buildActionMask = 2147483647;
			files = (
			);
			runOnlyForDeploymentPostprocessing = 0;
		};
		6BEF35082306AA2D00F018EC /* Resources */ = {
			isa = PBXResourcesBuildPhase;
			buildActionMask = 2147483647;
			files = (
			);
			runOnlyForDeploymentPostprocessing = 0;
		};
/* End PBXResourcesBuildPhase section */

/* Begin PBXSourcesBuildPhase section */
		6BEF34E72306AA2A00F018EC /* Sources */ = {
			isa = PBXSourcesBuildPhase;
			buildActionMask = 2147483647;
			files = (
				6BEF35362309BE5B00F018EC /* GameViewModel.swift in Sources */,
				6BEF352E2309A8F900F018EC /* NibLoader.swift in Sources */,
				6BEF35322309AF8800F018EC /* GridModel.swift in Sources */,
				6BEF34F12306AA2A00F018EC /* ViewController.swift in Sources */,
				6BEF34EF2306AA2A00F018EC /* AppDelegate.swift in Sources */,
				6BEF352623075E5300F018EC /* GridView.swift in Sources */,
				6BEF352323074BCC00F018EC /* GridViewModel.swift in Sources */,
				6BEF352A2309894400F018EC /* GridCell.swift in Sources */,
				6BEF35342309BA0C00F018EC /* DataOperationHelper.swift in Sources */,
			);
			runOnlyForDeploymentPostprocessing = 0;
		};
		6BEF34FB2306AA2D00F018EC /* Sources */ = {
			isa = PBXSourcesBuildPhase;
			buildActionMask = 2147483647;
			files = (
				6BEF35042306AA2D00F018EC /* WordGridTests.swift in Sources */,
			);
			runOnlyForDeploymentPostprocessing = 0;
		};
		6BEF35062306AA2D00F018EC /* Sources */ = {
			isa = PBXSourcesBuildPhase;
			buildActionMask = 2147483647;
			files = (
				6BEF350F2306AA2D00F018EC /* WordGridUITests.swift in Sources */,
			);
			runOnlyForDeploymentPostprocessing = 0;
		};
/* End PBXSourcesBuildPhase section */

/* Begin PBXTargetDependency section */
		6BEF35012306AA2D00F018EC /* PBXTargetDependency */ = {
			isa = PBXTargetDependency;
			target = 6BEF34EA2306AA2A00F018EC /* WordGrid */;
			targetProxy = 6BEF35002306AA2D00F018EC /* PBXContainerItemProxy */;
		};
		6BEF350C2306AA2D00F018EC /* PBXTargetDependency */ = {
			isa = PBXTargetDependency;
			target = 6BEF34EA2306AA2A00F018EC /* WordGrid */;
			targetProxy = 6BEF350B2306AA2D00F018EC /* PBXContainerItemProxy */;
		};
/* End PBXTargetDependency section */

/* Begin PBXVariantGroup section */
		6BEF34F22306AA2A00F018EC /* Main.storyboard */ = {
			isa = PBXVariantGroup;
			children = (
				6BEF34F32306AA2A00F018EC /* Base */,
			);
			name = Main.storyboard;
			sourceTree = "<group>";
		};
		6BEF34F72306AA2D00F018EC /* LaunchScreen.storyboard */ = {
			isa = PBXVariantGroup;
			children = (
				6BEF34F82306AA2D00F018EC /* Base */,
			);
			name = LaunchScreen.storyboard;
			sourceTree = "<group>";
		};
/* End PBXVariantGroup section */

/* Begin XCBuildConfiguration section */
		6BEF35112306AA2D00F018EC /* Debug */ = {
			isa = XCBuildConfiguration;
			buildSettings = {
				ALWAYS_SEARCH_USER_PATHS = NO;
				CLANG_ANALYZER_NONNULL = YES;
				CLANG_ANALYZER_NUMBER_OBJECT_CONVERSION = YES_AGGRESSIVE;
				CLANG_CXX_LANGUAGE_STANDARD = "gnu++14";
				CLANG_CXX_LIBRARY = "libc++";
				CLANG_ENABLE_MODULES = YES;
				CLANG_ENABLE_OBJC_ARC = YES;
				CLANG_ENABLE_OBJC_WEAK = YES;
				CLANG_WARN_BLOCK_CAPTURE_AUTORELEASING = YES;
				CLANG_WARN_BOOL_CONVERSION = YES;
				CLANG_WARN_COMMA = YES;
				CLANG_WARN_CONSTANT_CONVERSION = YES;
				CLANG_WARN_DEPRECATED_OBJC_IMPLEMENTATIONS = YES;
				CLANG_WARN_DIRECT_OBJC_ISA_USAGE = YES_ERROR;
				CLANG_WARN_DOCUMENTATION_COMMENTS = YES;
				CLANG_WARN_EMPTY_BODY = YES;
				CLANG_WARN_ENUM_CONVERSION = YES;
				CLANG_WARN_INFINITE_RECURSION = YES;
				CLANG_WARN_INT_CONVERSION = YES;
				CLANG_WARN_NON_LITERAL_NULL_CONVERSION = YES;
				CLANG_WARN_OBJC_IMPLICIT_RETAIN_SELF = YES;
				CLANG_WARN_OBJC_LITERAL_CONVERSION = YES;
				CLANG_WARN_OBJC_ROOT_CLASS = YES_ERROR;
				CLANG_WARN_RANGE_LOOP_ANALYSIS = YES;
				CLANG_WARN_STRICT_PROTOTYPES = YES;
				CLANG_WARN_SUSPICIOUS_MOVE = YES;
				CLANG_WARN_UNGUARDED_AVAILABILITY = YES_AGGRESSIVE;
				CLANG_WARN_UNREACHABLE_CODE = YES;
				CLANG_WARN__DUPLICATE_METHOD_MATCH = YES;
				CODE_SIGN_IDENTITY = "iPhone Developer";
				COPY_PHASE_STRIP = NO;
				DEBUG_INFORMATION_FORMAT = dwarf;
				ENABLE_STRICT_OBJC_MSGSEND = YES;
				ENABLE_TESTABILITY = YES;
				GCC_C_LANGUAGE_STANDARD = gnu11;
				GCC_DYNAMIC_NO_PIC = NO;
				GCC_NO_COMMON_BLOCKS = YES;
				GCC_OPTIMIZATION_LEVEL = 0;
				GCC_PREPROCESSOR_DEFINITIONS = (
					"DEBUG=1",
					"$(inherited)",
				);
				GCC_WARN_64_TO_32_BIT_CONVERSION = YES;
				GCC_WARN_ABOUT_RETURN_TYPE = YES_ERROR;
				GCC_WARN_UNDECLARED_SELECTOR = YES;
				GCC_WARN_UNINITIALIZED_AUTOS = YES_AGGRESSIVE;
				GCC_WARN_UNUSED_FUNCTION = YES;
				GCC_WARN_UNUSED_VARIABLE = YES;
				IPHONEOS_DEPLOYMENT_TARGET = 12.2;
				MTL_ENABLE_DEBUG_INFO = INCLUDE_SOURCE;
				MTL_FAST_MATH = YES;
				ONLY_ACTIVE_ARCH = YES;
				SDKROOT = iphoneos;
				SWIFT_ACTIVE_COMPILATION_CONDITIONS = DEBUG;
				SWIFT_OPTIMIZATION_LEVEL = "-Onone";
			};
			name = Debug;
		};
		6BEF35122306AA2D00F018EC /* Release */ = {
			isa = XCBuildConfiguration;
			buildSettings = {
				ALWAYS_SEARCH_USER_PATHS = NO;
				CLANG_ANALYZER_NONNULL = YES;
				CLANG_ANALYZER_NUMBER_OBJECT_CONVERSION = YES_AGGRESSIVE;
				CLANG_CXX_LANGUAGE_STANDARD = "gnu++14";
				CLANG_CXX_LIBRARY = "libc++";
				CLANG_ENABLE_MODULES = YES;
				CLANG_ENABLE_OBJC_ARC = YES;
				CLANG_ENABLE_OBJC_WEAK = YES;
				CLANG_WARN_BLOCK_CAPTURE_AUTORELEASING = YES;
				CLANG_WARN_BOOL_CONVERSION = YES;
				CLANG_WARN_COMMA = YES;
				CLANG_WARN_CONSTANT_CONVERSION = YES;
				CLANG_WARN_DEPRECATED_OBJC_IMPLEMENTATIONS = YES;
				CLANG_WARN_DIRECT_OBJC_ISA_USAGE = YES_ERROR;
				CLANG_WARN_DOCUMENTATION_COMMENTS = YES;
				CLANG_WARN_EMPTY_BODY = YES;
				CLANG_WARN_ENUM_CONVERSION = YES;
				CLANG_WARN_INFINITE_RECURSION = YES;
				CLANG_WARN_INT_CONVERSION = YES;
				CLANG_WARN_NON_LITERAL_NULL_CONVERSION = YES;
				CLANG_WARN_OBJC_IMPLICIT_RETAIN_SELF = YES;
				CLANG_WARN_OBJC_LITERAL_CONVERSION = YES;
				CLANG_WARN_OBJC_ROOT_CLASS = YES_ERROR;
				CLANG_WARN_RANGE_LOOP_ANALYSIS = YES;
				CLANG_WARN_STRICT_PROTOTYPES = YES;
				CLANG_WARN_SUSPICIOUS_MOVE = YES;
				CLANG_WARN_UNGUARDED_AVAILABILITY = YES_AGGRESSIVE;
				CLANG_WARN_UNREACHABLE_CODE = YES;
				CLANG_WARN__DUPLICATE_METHOD_MATCH = YES;
				CODE_SIGN_IDENTITY = "iPhone Developer";
				COPY_PHASE_STRIP = NO;
				DEBUG_INFORMATION_FORMAT = "dwarf-with-dsym";
				ENABLE_NS_ASSERTIONS = NO;
				ENABLE_STRICT_OBJC_MSGSEND = YES;
				GCC_C_LANGUAGE_STANDARD = gnu11;
				GCC_NO_COMMON_BLOCKS = YES;
				GCC_WARN_64_TO_32_BIT_CONVERSION = YES;
				GCC_WARN_ABOUT_RETURN_TYPE = YES_ERROR;
				GCC_WARN_UNDECLARED_SELECTOR = YES;
				GCC_WARN_UNINITIALIZED_AUTOS = YES_AGGRESSIVE;
				GCC_WARN_UNUSED_FUNCTION = YES;
				GCC_WARN_UNUSED_VARIABLE = YES;
				IPHONEOS_DEPLOYMENT_TARGET = 12.2;
				MTL_ENABLE_DEBUG_INFO = NO;
				MTL_FAST_MATH = YES;
				SDKROOT = iphoneos;
				SWIFT_COMPILATION_MODE = wholemodule;
				SWIFT_OPTIMIZATION_LEVEL = "-O";
				VALIDATE_PRODUCT = YES;
			};
			name = Release;
		};
		6BEF35142306AA2D00F018EC /* Debug */ = {
			isa = XCBuildConfiguration;
			buildSettings = {
				ASSETCATALOG_COMPILER_APPICON_NAME = AppIcon;
				CODE_SIGN_STYLE = Automatic;
				DEVELOPMENT_TEAM = RQJK4N3C7M;
				INFOPLIST_FILE = WordGrid/Info.plist;
				LD_RUNPATH_SEARCH_PATHS = (
					"$(inherited)",
					"@executable_path/Frameworks",
				);
				PRODUCT_BUNDLE_IDENTIFIER = com.krishna.WordGrid;
				PRODUCT_NAME = "$(TARGET_NAME)";
				SWIFT_VERSION = 5.0;
				TARGETED_DEVICE_FAMILY = "1,2";
			};
			name = Debug;
		};
		6BEF35152306AA2D00F018EC /* Release */ = {
			isa = XCBuildConfiguration;
			buildSettings = {
				ASSETCATALOG_COMPILER_APPICON_NAME = AppIcon;
				CODE_SIGN_STYLE = Automatic;
				DEVELOPMENT_TEAM = RQJK4N3C7M;
				INFOPLIST_FILE = WordGrid/Info.plist;
				LD_RUNPATH_SEARCH_PATHS = (
					"$(inherited)",
					"@executable_path/Frameworks",
				);
				PRODUCT_BUNDLE_IDENTIFIER = com.krishna.WordGrid;
				PRODUCT_NAME = "$(TARGET_NAME)";
				SWIFT_VERSION = 5.0;
				TARGETED_DEVICE_FAMILY = "1,2";
			};
			name = Release;
		};
		6BEF35172306AA2D00F018EC /* Debug */ = {
			isa = XCBuildConfiguration;
			buildSettings = {
				ALWAYS_EMBED_SWIFT_STANDARD_LIBRARIES = YES;
				BUNDLE_LOADER = "$(TEST_HOST)";
				CODE_SIGN_STYLE = Automatic;
				INFOPLIST_FILE = WordGridTests/Info.plist;
				LD_RUNPATH_SEARCH_PATHS = (
					"$(inherited)",
					"@executable_path/Frameworks",
					"@loader_path/Frameworks",
				);
				PRODUCT_BUNDLE_IDENTIFIER = com.krishna.WordGridTests;
				PRODUCT_NAME = "$(TARGET_NAME)";
				SWIFT_VERSION = 5.0;
				TARGETED_DEVICE_FAMILY = "1,2";
				TEST_HOST = "$(BUILT_PRODUCTS_DIR)/WordGrid.app/WordGrid";
			};
			name = Debug;
		};
		6BEF35182306AA2D00F018EC /* Release */ = {
			isa = XCBuildConfiguration;
			buildSettings = {
				ALWAYS_EMBED_SWIFT_STANDARD_LIBRARIES = YES;
				BUNDLE_LOADER = "$(TEST_HOST)";
				CODE_SIGN_STYLE = Automatic;
				INFOPLIST_FILE = WordGridTests/Info.plist;
				LD_RUNPATH_SEARCH_PATHS = (
					"$(inherited)",
					"@executable_path/Frameworks",
					"@loader_path/Frameworks",
				);
				PRODUCT_BUNDLE_IDENTIFIER = com.krishna.WordGridTests;
				PRODUCT_NAME = "$(TARGET_NAME)";
				SWIFT_VERSION = 5.0;
				TARGETED_DEVICE_FAMILY = "1,2";
				TEST_HOST = "$(BUILT_PRODUCTS_DIR)/WordGrid.app/WordGrid";
			};
			name = Release;
		};
		6BEF351A2306AA2D00F018EC /* Debug */ = {
			isa = XCBuildConfiguration;
			buildSettings = {
				ALWAYS_EMBED_SWIFT_STANDARD_LIBRARIES = YES;
				CODE_SIGN_STYLE = Automatic;
				INFOPLIST_FILE = WordGridUITests/Info.plist;
				LD_RUNPATH_SEARCH_PATHS = (
					"$(inherited)",
					"@executable_path/Frameworks",
					"@loader_path/Frameworks",
				);
				PRODUCT_BUNDLE_IDENTIFIER = com.krishna.WordGridUITests;
				PRODUCT_NAME = "$(TARGET_NAME)";
				SWIFT_VERSION = 5.0;
				TARGETED_DEVICE_FAMILY = "1,2";
				TEST_TARGET_NAME = WordGrid;
			};
			name = Debug;
		};
		6BEF351B2306AA2D00F018EC /* Release */ = {
			isa = XCBuildConfiguration;
			buildSettings = {
				ALWAYS_EMBED_SWIFT_STANDARD_LIBRARIES = YES;
				CODE_SIGN_STYLE = Automatic;
				INFOPLIST_FILE = WordGridUITests/Info.plist;
				LD_RUNPATH_SEARCH_PATHS = (
					"$(inherited)",
					"@executable_path/Frameworks",
					"@loader_path/Frameworks",
				);
				PRODUCT_BUNDLE_IDENTIFIER = com.krishna.WordGridUITests;
				PRODUCT_NAME = "$(TARGET_NAME)";
				SWIFT_VERSION = 5.0;
				TARGETED_DEVICE_FAMILY = "1,2";
				TEST_TARGET_NAME = WordGrid;
			};
			name = Release;
		};
/* End XCBuildConfiguration section */

/* Begin XCConfigurationList section */
		6BEF34E62306AA2A00F018EC /* Build configuration list for PBXProject "WordGrid" */ = {
			isa = XCConfigurationList;
			buildConfigurations = (
				6BEF35112306AA2D00F018EC /* Debug */,
				6BEF35122306AA2D00F018EC /* Release */,
			);
			defaultConfigurationIsVisible = 0;
			defaultConfigurationName = Release;
		};
		6BEF35132306AA2D00F018EC /* Build configuration list for PBXNativeTarget "WordGrid" */ = {
			isa = XCConfigurationList;
			buildConfigurations = (
				6BEF35142306AA2D00F018EC /* Debug */,
				6BEF35152306AA2D00F018EC /* Release */,
			);
			defaultConfigurationIsVisible = 0;
			defaultConfigurationName = Release;
		};
		6BEF35162306AA2D00F018EC /* Build configuration list for PBXNativeTarget "WordGridTests" */ = {
			isa = XCConfigurationList;
			buildConfigurations = (
				6BEF35172306AA2D00F018EC /* Debug */,
				6BEF35182306AA2D00F018EC /* Release */,
			);
			defaultConfigurationIsVisible = 0;
			defaultConfigurationName = Release;
		};
		6BEF35192306AA2D00F018EC /* Build configuration list for PBXNativeTarget "WordGridUITests" */ = {
			isa = XCConfigurationList;
			buildConfigurations = (
				6BEF351A2306AA2D00F018EC /* Debug */,
				6BEF351B2306AA2D00F018EC /* Release */,
			);
			defaultConfigurationIsVisible = 0;
			defaultConfigurationName = Release;
		};
/* End XCConfigurationList section */
	};
	rootObject = 6BEF34E32306AA2A00F018EC /* Project object */;
}
